
Microsoft Visual Studio Solution File, Format Version 12.00
# Visual Studio Version 16
VisualStudioVersion = 16.0.29319.158
MinimumVisualStudioVersion = 10.0.40219.1
Project("{FAE04EC0-301F-11D3-BF4B-00C04F79EFBC}") = "BlazorContentLoader", "BlazorContentLoader\BlazorContentLoader.csproj", "{9E10975A-69FB-4166-9808-6C57A0CACD79}"
EndProject
Global
	GlobalSection(SolutionConfigurationPlatforms) = preSolution
		Debug|Any CPU = Debug|Any CPU
		Release|Any CPU = Release|Any CPU
	EndGlobalSection
	GlobalSection(ProjectConfigurationPlatforms) = postSolution
		{9E10975A-69FB-4166-9808-6C57A0CACD79}.Debug|Any CPU.ActiveCfg = Debug|Any CPU
		{9E10975A-69FB-4166-9808-6C57A0CACD79}.Debug|Any CPU.Build.0 = Debug|Any CPU
		{9E10975A-69FB-4166-9808-6C57A0CACD79}.Release|Any CPU.ActiveCfg = Release|Any CPU
		{9E10975A-69FB-4166-9808-6C57A0CACD79}.Release|Any CPU.Build.0 = Release|Any CPU
	EndGlobalSection
	GlobalSection(SolutionProperties) = preSolution
		HideSolutionNode = FALSE
	EndGlobalSection
	GlobalSection(ExtensibilityGlobals) = postSolution
		SolutionGuid = {A0DD7030-E46B-40CD-9186-3AAAAC920FAC}
	EndGlobalSection
EndGlobal
